// !$*UTF8*$!
{
	archiveVersion = 1;
	classes = {
	};
	objectVersion = 46;
	objects = {

/* Begin PBXBuildFile section */
		86392A22150DBEBA00472D00 /* MBProgressHUD.m in Sources */ = {isa = PBXBuildFile; fileRef = 86392A21150DBEBA00472D00 /* MBProgressHUD.m */; };
		863D8F66150CC1E3007E745D /* UIKit.framework in Frameworks */ = {isa = PBXBuildFile; fileRef = 863D8F65150CC1E3007E745D /* UIKit.framework */; };
		863D8F68150CC1E3007E745D /* Foundation.framework in Frameworks */ = {isa = PBXBuildFile; fileRef = 863D8F67150CC1E3007E745D /* Foundation.framework */; };
		863D8F6A150CC1E3007E745D /* CoreGraphics.framework in Frameworks */ = {isa = PBXBuildFile; fileRef = 863D8F69150CC1E3007E745D /* CoreGraphics.framework */; };
		863D8F70150CC1E3007E745D /* InfoPlist.strings in Resources */ = {isa = PBXBuildFile; fileRef = 863D8F6E150CC1E3007E745D /* InfoPlist.strings */; };
		863D8F72150CC1E3007E745D /* main.m in Sources */ = {isa = PBXBuildFile; fileRef = 863D8F71150CC1E3007E745D /* main.m */; };
		863D8F76150CC1E3007E745D /* AppDelegate.m in Sources */ = {isa = PBXBuildFile; fileRef = 863D8F75150CC1E3007E745D /* AppDelegate.m */; };
		863D8F8D150CC4E5007E745D /* MainView.m in Sources */ = {isa = PBXBuildFile; fileRef = 863D8F8B150CC4E5007E745D /* MainView.m */; };
		863D8F8E150CC4E5007E745D /* MainView.xib in Resources */ = {isa = PBXBuildFile; fileRef = 863D8F8C150CC4E5007E745D /* MainView.xib */; };
		864304F1150F225900B44122 /* Default.png in Resources */ = {isa = PBXBuildFile; fileRef = 864304EE150F225900B44122 /* Default.png */; };
		864304F2150F225900B44122 /* Icon.png in Resources */ = {isa = PBXBuildFile; fileRef = 864304EF150F225900B44122 /* Icon.png */; };
		864304F3150F225900B44122 /* Icon@2x.png in Resources */ = {isa = PBXBuildFile; fileRef = 864304F0150F225900B44122 /* Icon@2x.png */; };
		864304F7150F234500B44122 /* AddTrololoView.m in Sources */ = {isa = PBXBuildFile; fileRef = 864304F5150F234500B44122 /* AddTrololoView.m */; };
		864304F8150F234500B44122 /* AddTrololoView.xib in Resources */ = {isa = PBXBuildFile; fileRef = 864304F6150F234500B44122 /* AddTrololoView.xib */; };
		864304FC150F520900B44122 /* TrololoView.m in Sources */ = {isa = PBXBuildFile; fileRef = 864304FA150F520900B44122 /* TrololoView.m */; };
		864304FD150F520900B44122 /* TrololoView.xib in Resources */ = {isa = PBXBuildFile; fileRef = 864304FB150F520900B44122 /* TrololoView.xib */; };
		8643050815107AAC00B44122 /* 1.png in Resources */ = {isa = PBXBuildFile; fileRef = 8643050115107AAC00B44122 /* 1.png */; };
		8643050915107AAC00B44122 /* 2.png in Resources */ = {isa = PBXBuildFile; fileRef = 8643050215107AAC00B44122 /* 2.png */; };
		8643050A15107AAC00B44122 /* 3.png in Resources */ = {isa = PBXBuildFile; fileRef = 8643050315107AAC00B44122 /* 3.png */; };
		8643050B15107AAC00B44122 /* 4.png in Resources */ = {isa = PBXBuildFile; fileRef = 8643050415107AAC00B44122 /* 4.png */; };
		8643050C15107AAC00B44122 /* buttonFace.png in Resources */ = {isa = PBXBuildFile; fileRef = 8643050515107AAC00B44122 /* buttonFace.png */; };
		8643050D15107AAC00B44122 /* buttonPhoto.png in Resources */ = {isa = PBXBuildFile; fileRef = 8643050615107AAC00B44122 /* buttonPhoto.png */; };
		8643050E15107AAC00B44122 /* buttonText.png in Resources */ = {isa = PBXBuildFile; fileRef = 8643050715107AAC00B44122 /* buttonText.png */; };
		864305121510955F00B44122 /* trollface-hello-kitty.png in Resources */ = {isa = PBXBuildFile; fileRef = 864305111510955F00B44122 /* trollface-hello-kitty.png */; };
		864305161510B75200B44122 /* AuthorizationView.m in Sources */ = {isa = PBXBuildFile; fileRef = 864305141510B75100B44122 /* AuthorizationView.m */; };
		864305171510B75200B44122 /* AuthorizationView.xib in Resources */ = {isa = PBXBuildFile; fileRef = 864305151510B75200B44122 /* AuthorizationView.xib */; };
		8643051B1510B83700B44122 /* SignupView.m in Sources */ = {isa = PBXBuildFile; fileRef = 864305191510B83600B44122 /* SignupView.m */; };
		8643051C1510B83700B44122 /* SignupView.xib in Resources */ = {isa = PBXBuildFile; fileRef = 8643051A1510B83600B44122 /* SignupView.xib */; };
		864E816A150E624F008CF1AA /* SDImageCache.m in Sources */ = {isa = PBXBuildFile; fileRef = 864E8159150E624F008CF1AA /* SDImageCache.m */; };
		864E816B150E624F008CF1AA /* SDWebImageDecoder.m in Sources */ = {isa = PBXBuildFile; fileRef = 864E815D150E624F008CF1AA /* SDWebImageDecoder.m */; };
		864E816C150E624F008CF1AA /* SDWebImageDownloader.m in Sources */ = {isa = PBXBuildFile; fileRef = 864E815F150E624F008CF1AA /* SDWebImageDownloader.m */; };
		864E816D150E624F008CF1AA /* SDWebImageManager.m in Sources */ = {isa = PBXBuildFile; fileRef = 864E8162150E624F008CF1AA /* SDWebImageManager.m */; };
		864E816E150E624F008CF1AA /* SDWebImagePrefetcher.m in Sources */ = {isa = PBXBuildFile; fileRef = 864E8165150E624F008CF1AA /* SDWebImagePrefetcher.m */; };
		864E816F150E624F008CF1AA /* UIButton+WebCache.m in Sources */ = {isa = PBXBuildFile; fileRef = 864E8167150E624F008CF1AA /* UIButton+WebCache.m */; };
		864E8170150E624F008CF1AA /* UIImageView+WebCache.m in Sources */ = {isa = PBXBuildFile; fileRef = 864E8169150E624F008CF1AA /* UIImageView+WebCache.m */; };
		864FAA6D1511B76C001B307F /* CoreData.framework in Frameworks */ = {isa = PBXBuildFile; fileRef = 864FAA6C1511B76B001B307F /* CoreData.framework */; };
		864FAA711511BCC3001B307F /* Model.xcdatamodeld in Sources */ = {isa = PBXBuildFile; fileRef = 864FAA6F1511BCC3001B307F /* Model.xcdatamodeld */; };
		86967B24150DBF85006BEE8B /* DetailView.m in Sources */ = {isa = PBXBuildFile; fileRef = 86967B22150DBF85006BEE8B /* DetailView.m */; };
		86967B25150DBF85006BEE8B /* DetailView.xib in Resources */ = {isa = PBXBuildFile; fileRef = 86967B23150DBF85006BEE8B /* DetailView.xib */; };
		86967B28150DC282006BEE8B /* MainMenu.m in Sources */ = {isa = PBXBuildFile; fileRef = 86967B27150DC282006BEE8B /* MainMenu.m */; };
		86967B42150DCD49006BEE8B /* AddCommentView.m in Sources */ = {isa = PBXBuildFile; fileRef = 86967B40150DCD49006BEE8B /* AddCommentView.m */; };
		86967B43150DCD49006BEE8B /* AddCommentView.xib in Resources */ = {isa = PBXBuildFile; fileRef = 86967B41150DCD49006BEE8B /* AddCommentView.xib */; };
		86967B4D150DF74B006BEE8B /* MobileCoreServices.framework in Frameworks */ = {isa = PBXBuildFile; fileRef = 86967B4C150DF74B006BEE8B /* MobileCoreServices.framework */; };
		86B083611512F0BA0053E1FA /* ImageToDataTransformer.m in Sources */ = {isa = PBXBuildFile; fileRef = 86B083601512F0BA0053E1FA /* ImageToDataTransformer.m */; };
		86B0837E1512F8A40053E1FA /* blackArrow.png in Resources */ = {isa = PBXBuildFile; fileRef = 86B083761512F8A40053E1FA /* blackArrow.png */; };
		86B0837F1512F8A40053E1FA /* blackArrow@2x.png in Resources */ = {isa = PBXBuildFile; fileRef = 86B083771512F8A40053E1FA /* blackArrow@2x.png */; };
		86B083801512F8A40053E1FA /* blueArrow.png in Resources */ = {isa = PBXBuildFile; fileRef = 86B083781512F8A40053E1FA /* blueArrow.png */; };
		86B083811512F8A40053E1FA /* blueArrow@2x.png in Resources */ = {isa = PBXBuildFile; fileRef = 86B083791512F8A40053E1FA /* blueArrow@2x.png */; };
		86B083821512F8A40053E1FA /* grayArrow.png in Resources */ = {isa = PBXBuildFile; fileRef = 86B0837A1512F8A40053E1FA /* grayArrow.png */; };
		86B083831512F8A40053E1FA /* grayArrow@2x.png in Resources */ = {isa = PBXBuildFile; fileRef = 86B0837B1512F8A40053E1FA /* grayArrow@2x.png */; };
		86B083841512F8A40053E1FA /* whiteArrow.png in Resources */ = {isa = PBXBuildFile; fileRef = 86B0837C1512F8A40053E1FA /* whiteArrow.png */; };
		86B083851512F8A40053E1FA /* whiteArrow@2x.png in Resources */ = {isa = PBXBuildFile; fileRef = 86B0837D1512F8A40053E1FA /* whiteArrow@2x.png */; };
		86B083871512F8C60053E1FA /* QuartzCore.framework in Frameworks */ = {isa = PBXBuildFile; fileRef = 86B083861512F8C60053E1FA /* QuartzCore.framework */; };
		86B08389151302B30053E1FA /* CoreLocation.framework in Frameworks */ = {isa = PBXBuildFile; fileRef = 86B08388151302B20053E1FA /* CoreLocation.framework */; };
		86B0838D15134BFB0053E1FA /* AddVideoView.m in Sources */ = {isa = PBXBuildFile; fileRef = 86B0838B15134BFB0053E1FA /* AddVideoView.m */; };
		86B0838E15134BFB0053E1FA /* AddVideoView.xib in Resources */ = {isa = PBXBuildFile; fileRef = 86B0838C15134BFB0053E1FA /* AddVideoView.xib */; };
		86B0839015134C450053E1FA /* MediaPlayer.framework in Frameworks */ = {isa = PBXBuildFile; fileRef = 86B0838F15134C450053E1FA /* MediaPlayer.framework */; };
		86B08392151353630053E1FA /* AVFoundation.framework in Frameworks */ = {isa = PBXBuildFile; fileRef = 86B08391151353630053E1FA /* AVFoundation.framework */; };
		86C0EAB415161BE00057C3C8 /* EGORefreshTableHeaderView.m in Sources */ = {isa = PBXBuildFile; fileRef = 86C0EAB315161BE00057C3C8 /* EGORefreshTableHeaderView.m */; settings = {COMPILER_FLAGS = "-fno-objc-arc"; }; };
		86C0EADE1516355A0057C3C8 /* Comment.m in Sources */ = {isa = PBXBuildFile; fileRef = 86C0EADD1516355A0057C3C8 /* Comment.m */; };
		86C0EAE11516355A0057C3C8 /* Image.m in Sources */ = {isa = PBXBuildFile; fileRef = 86C0EAE01516355A0057C3C8 /* Image.m */; };
		86C0EAE41516355B0057C3C8 /* Post.m in Sources */ = {isa = PBXBuildFile; fileRef = 86C0EAE31516355B0057C3C8 /* Post.m */; };
		86DE236A150DFBCA00156F38 /* AddPhotoView.m in Sources */ = {isa = PBXBuildFile; fileRef = 86DE2368150DFBCA00156F38 /* AddPhotoView.m */; };
		86DE236B150DFBCA00156F38 /* AddPhotoView.xib in Resources */ = {isa = PBXBuildFile; fileRef = 86DE2369150DFBCA00156F38 /* AddPhotoView.xib */; };
/* End PBXBuildFile section */

/* Begin PBXFileReference section */
		86392A20150DBEBA00472D00 /* MBProgressHUD.h */ = {isa = PBXFileReference; fileEncoding = 4; lastKnownFileType = sourcecode.c.h; name = MBProgressHUD.h; path = HumorLine/MBProgressHUD.h; sourceTree = "<group>"; };
		86392A21150DBEBA00472D00 /* MBProgressHUD.m */ = {isa = PBXFileReference; fileEncoding = 4; lastKnownFileType = sourcecode.c.objc; name = MBProgressHUD.m; path = HumorLine/MBProgressHUD.m; sourceTree = "<group>"; };
		863D8F61150CC1E3007E745D /* HumorLine.app */ = {isa = PBXFileReference; explicitFileType = wrapper.application; includeInIndex = 0; path = HumorLine.app; sourceTree = BUILT_PRODUCTS_DIR; };
		863D8F65150CC1E3007E745D /* UIKit.framework */ = {isa = PBXFileReference; lastKnownFileType = wrapper.framework; name = UIKit.framework; path = System/Library/Frameworks/UIKit.framework; sourceTree = SDKROOT; };
		863D8F67150CC1E3007E745D /* Foundation.framework */ = {isa = PBXFileReference; lastKnownFileType = wrapper.framework; name = Foundation.framework; path = System/Library/Frameworks/Foundation.framework; sourceTree = SDKROOT; };
		863D8F69150CC1E3007E745D /* CoreGraphics.framework */ = {isa = PBXFileReference; lastKnownFileType = wrapper.framework; name = CoreGraphics.framework; path = System/Library/Frameworks/CoreGraphics.framework; sourceTree = SDKROOT; };
		863D8F6D150CC1E3007E745D /* HumorLine-Info.plist */ = {isa = PBXFileReference; lastKnownFileType = text.plist.xml; path = "HumorLine-Info.plist"; sourceTree = "<group>"; };
		863D8F6F150CC1E3007E745D /* en */ = {isa = PBXFileReference; lastKnownFileType = text.plist.strings; name = en; path = en.lproj/InfoPlist.strings; sourceTree = "<group>"; };
		863D8F71150CC1E3007E745D /* main.m */ = {isa = PBXFileReference; lastKnownFileType = sourcecode.c.objc; path = main.m; sourceTree = "<group>"; };
		863D8F73150CC1E3007E745D /* HumorLine-Prefix.pch */ = {isa = PBXFileReference; lastKnownFileType = sourcecode.c.h; path = "HumorLine-Prefix.pch"; sourceTree = "<group>"; };
		863D8F74150CC1E3007E745D /* AppDelegate.h */ = {isa = PBXFileReference; lastKnownFileType = sourcecode.c.h; name = AppDelegate.h; path = HumorLine/AppDelegate.h; sourceTree = "<group>"; };
		863D8F75150CC1E3007E745D /* AppDelegate.m */ = {isa = PBXFileReference; lastKnownFileType = sourcecode.c.objc; name = AppDelegate.m; path = HumorLine/AppDelegate.m; sourceTree = "<group>"; };
		863D8F8A150CC4E5007E745D /* MainView.h */ = {isa = PBXFileReference; fileEncoding = 4; lastKnownFileType = sourcecode.c.h; path = MainView.h; sourceTree = "<group>"; };
		863D8F8B150CC4E5007E745D /* MainView.m */ = {isa = PBXFileReference; fileEncoding = 4; lastKnownFileType = sourcecode.c.objc; path = MainView.m; sourceTree = "<group>"; };
		863D8F8C150CC4E5007E745D /* MainView.xib */ = {isa = PBXFileReference; fileEncoding = 4; lastKnownFileType = file.xib; path = MainView.xib; sourceTree = "<group>"; };
		864304EE150F225900B44122 /* Default.png */ = {isa = PBXFileReference; lastKnownFileType = image.png; path = Default.png; sourceTree = "<group>"; };
		864304EF150F225900B44122 /* Icon.png */ = {isa = PBXFileReference; lastKnownFileType = image.png; path = Icon.png; sourceTree = "<group>"; };
		864304F0150F225900B44122 /* Icon@2x.png */ = {isa = PBXFileReference; lastKnownFileType = image.png; path = "Icon@2x.png"; sourceTree = "<group>"; };
		864304F4150F234500B44122 /* AddTrololoView.h */ = {isa = PBXFileReference; fileEncoding = 4; lastKnownFileType = sourcecode.c.h; path = AddTrololoView.h; sourceTree = "<group>"; };
		864304F5150F234500B44122 /* AddTrololoView.m */ = {isa = PBXFileReference; fileEncoding = 4; lastKnownFileType = sourcecode.c.objc; path = AddTrololoView.m; sourceTree = "<group>"; };
		864304F6150F234500B44122 /* AddTrololoView.xib */ = {isa = PBXFileReference; fileEncoding = 4; lastKnownFileType = file.xib; path = AddTrololoView.xib; sourceTree = "<group>"; };
		864304F9150F520900B44122 /* TrololoView.h */ = {isa = PBXFileReference; fileEncoding = 4; lastKnownFileType = sourcecode.c.h; path = TrololoView.h; sourceTree = "<group>"; };
		864304FA150F520900B44122 /* TrololoView.m */ = {isa = PBXFileReference; fileEncoding = 4; lastKnownFileType = sourcecode.c.objc; path = TrololoView.m; sourceTree = "<group>"; };
		864304FB150F520900B44122 /* TrololoView.xib */ = {isa = PBXFileReference; fileEncoding = 4; lastKnownFileType = file.xib; path = TrololoView.xib; sourceTree = "<group>"; };
		8643050115107AAC00B44122 /* 1.png */ = {isa = PBXFileReference; lastKnownFileType = image.png; path = 1.png; sourceTree = "<group>"; };
		8643050215107AAC00B44122 /* 2.png */ = {isa = PBXFileReference; lastKnownFileType = image.png; path = 2.png; sourceTree = "<group>"; };
		8643050315107AAC00B44122 /* 3.png */ = {isa = PBXFileReference; lastKnownFileType = image.png; path = 3.png; sourceTree = "<group>"; };
		8643050415107AAC00B44122 /* 4.png */ = {isa = PBXFileReference; lastKnownFileType = image.png; path = 4.png; sourceTree = "<group>"; };
		8643050515107AAC00B44122 /* buttonFace.png */ = {isa = PBXFileReference; lastKnownFileType = image.png; path = buttonFace.png; sourceTree = "<group>"; };
		8643050615107AAC00B44122 /* buttonPhoto.png */ = {isa = PBXFileReference; lastKnownFileType = image.png; path = buttonPhoto.png; sourceTree = "<group>"; };
		8643050715107AAC00B44122 /* buttonText.png */ = {isa = PBXFileReference; lastKnownFileType = image.png; path = buttonText.png; sourceTree = "<group>"; };
		864305111510955F00B44122 /* trollface-hello-kitty.png */ = {isa = PBXFileReference; lastKnownFileType = image.png; path = "trollface-hello-kitty.png"; sourceTree = "<group>"; };
		864305131510B75100B44122 /* AuthorizationView.h */ = {isa = PBXFileReference; fileEncoding = 4; lastKnownFileType = sourcecode.c.h; path = AuthorizationView.h; sourceTree = "<group>"; };
		864305141510B75100B44122 /* AuthorizationView.m */ = {isa = PBXFileReference; fileEncoding = 4; lastKnownFileType = sourcecode.c.objc; path = AuthorizationView.m; sourceTree = "<group>"; };
		864305151510B75200B44122 /* AuthorizationView.xib */ = {isa = PBXFileReference; fileEncoding = 4; lastKnownFileType = file.xib; path = AuthorizationView.xib; sourceTree = "<group>"; };
		864305181510B83600B44122 /* SignupView.h */ = {isa = PBXFileReference; fileEncoding = 4; lastKnownFileType = sourcecode.c.h; path = SignupView.h; sourceTree = "<group>"; };
		864305191510B83600B44122 /* SignupView.m */ = {isa = PBXFileReference; fileEncoding = 4; lastKnownFileType = sourcecode.c.objc; path = SignupView.m; sourceTree = "<group>"; };
		8643051A1510B83600B44122 /* SignupView.xib */ = {isa = PBXFileReference; fileEncoding = 4; lastKnownFileType = file.xib; path = SignupView.xib; sourceTree = "<group>"; };
		864E8158150E624F008CF1AA /* SDImageCache.h */ = {isa = PBXFileReference; fileEncoding = 4; lastKnownFileType = sourcecode.c.h; name = SDImageCache.h; path = HumorLine/SDImageCache.h; sourceTree = "<group>"; };
		864E8159150E624F008CF1AA /* SDImageCache.m */ = {isa = PBXFileReference; fileEncoding = 4; lastKnownFileType = sourcecode.c.objc; name = SDImageCache.m; path = HumorLine/SDImageCache.m; sourceTree = "<group>"; };
		864E815A150E624F008CF1AA /* SDImageCacheDelegate.h */ = {isa = PBXFileReference; fileEncoding = 4; lastKnownFileType = sourcecode.c.h; name = SDImageCacheDelegate.h; path = HumorLine/SDImageCacheDelegate.h; sourceTree = "<group>"; };
		864E815B150E624F008CF1AA /* SDWebImageCompat.h */ = {isa = PBXFileReference; fileEncoding = 4; lastKnownFileType = sourcecode.c.h; name = SDWebImageCompat.h; path = HumorLine/SDWebImageCompat.h; sourceTree = "<group>"; };
		864E815C150E624F008CF1AA /* SDWebImageDecoder.h */ = {isa = PBXFileReference; fileEncoding = 4; lastKnownFileType = sourcecode.c.h; name = SDWebImageDecoder.h; path = HumorLine/SDWebImageDecoder.h; sourceTree = "<group>"; };
		864E815D150E624F008CF1AA /* SDWebImageDecoder.m */ = {isa = PBXFileReference; fileEncoding = 4; lastKnownFileType = sourcecode.c.objc; name = SDWebImageDecoder.m; path = HumorLine/SDWebImageDecoder.m; sourceTree = "<group>"; };
		864E815E150E624F008CF1AA /* SDWebImageDownloader.h */ = {isa = PBXFileReference; fileEncoding = 4; lastKnownFileType = sourcecode.c.h; name = SDWebImageDownloader.h; path = HumorLine/SDWebImageDownloader.h; sourceTree = "<group>"; };
		864E815F150E624F008CF1AA /* SDWebImageDownloader.m */ = {isa = PBXFileReference; fileEncoding = 4; lastKnownFileType = sourcecode.c.objc; name = SDWebImageDownloader.m; path = HumorLine/SDWebImageDownloader.m; sourceTree = "<group>"; };
		864E8160150E624F008CF1AA /* SDWebImageDownloaderDelegate.h */ = {isa = PBXFileReference; fileEncoding = 4; lastKnownFileType = sourcecode.c.h; name = SDWebImageDownloaderDelegate.h; path = HumorLine/SDWebImageDownloaderDelegate.h; sourceTree = "<group>"; };
		864E8161150E624F008CF1AA /* SDWebImageManager.h */ = {isa = PBXFileReference; fileEncoding = 4; lastKnownFileType = sourcecode.c.h; name = SDWebImageManager.h; path = HumorLine/SDWebImageManager.h; sourceTree = "<group>"; };
		864E8162150E624F008CF1AA /* SDWebImageManager.m */ = {isa = PBXFileReference; fileEncoding = 4; lastKnownFileType = sourcecode.c.objc; name = SDWebImageManager.m; path = HumorLine/SDWebImageManager.m; sourceTree = "<group>"; };
		864E8163150E624F008CF1AA /* SDWebImageManagerDelegate.h */ = {isa = PBXFileReference; fileEncoding = 4; lastKnownFileType = sourcecode.c.h; name = SDWebImageManagerDelegate.h; path = HumorLine/SDWebImageManagerDelegate.h; sourceTree = "<group>"; };
		864E8164150E624F008CF1AA /* SDWebImagePrefetcher.h */ = {isa = PBXFileReference; fileEncoding = 4; lastKnownFileType = sourcecode.c.h; name = SDWebImagePrefetcher.h; path = HumorLine/SDWebImagePrefetcher.h; sourceTree = "<group>"; };
		864E8165150E624F008CF1AA /* SDWebImagePrefetcher.m */ = {isa = PBXFileReference; fileEncoding = 4; lastKnownFileType = sourcecode.c.objc; name = SDWebImagePrefetcher.m; path = HumorLine/SDWebImagePrefetcher.m; sourceTree = "<group>"; };
		864E8166150E624F008CF1AA /* UIButton+WebCache.h */ = {isa = PBXFileReference; fileEncoding = 4; lastKnownFileType = sourcecode.c.h; name = "UIButton+WebCache.h"; path = "HumorLine/UIButton+WebCache.h"; sourceTree = "<group>"; };
		864E8167150E624F008CF1AA /* UIButton+WebCache.m */ = {isa = PBXFileReference; fileEncoding = 4; lastKnownFileType = sourcecode.c.objc; name = "UIButton+WebCache.m"; path = "HumorLine/UIButton+WebCache.m"; sourceTree = "<group>"; };
		864E8168150E624F008CF1AA /* UIImageView+WebCache.h */ = {isa = PBXFileReference; fileEncoding = 4; lastKnownFileType = sourcecode.c.h; name = "UIImageView+WebCache.h"; path = "HumorLine/UIImageView+WebCache.h"; sourceTree = "<group>"; };
		864E8169150E624F008CF1AA /* UIImageView+WebCache.m */ = {isa = PBXFileReference; fileEncoding = 4; lastKnownFileType = sourcecode.c.objc; name = "UIImageView+WebCache.m"; path = "HumorLine/UIImageView+WebCache.m"; sourceTree = "<group>"; };
		864FAA6C1511B76B001B307F /* CoreData.framework */ = {isa = PBXFileReference; lastKnownFileType = wrapper.framework; name = CoreData.framework; path = System/Library/Frameworks/CoreData.framework; sourceTree = SDKROOT; };
		864FAA701511BCC3001B307F /* Model.xcdatamodel */ = {isa = PBXFileReference; lastKnownFileType = wrapper.xcdatamodel; path = Model.xcdatamodel; sourceTree = "<group>"; };
		86967B21150DBF85006BEE8B /* DetailView.h */ = {isa = PBXFileReference; fileEncoding = 4; lastKnownFileType = sourcecode.c.h; path = DetailView.h; sourceTree = "<group>"; };
		86967B22150DBF85006BEE8B /* DetailView.m */ = {isa = PBXFileReference; fileEncoding = 4; lastKnownFileType = sourcecode.c.objc; path = DetailView.m; sourceTree = "<group>"; };
		86967B23150DBF85006BEE8B /* DetailView.xib */ = {isa = PBXFileReference; fileEncoding = 4; lastKnownFileType = file.xib; path = DetailView.xib; sourceTree = "<group>"; };
		86967B26150DC282006BEE8B /* MainMenu.h */ = {isa = PBXFileReference; fileEncoding = 4; lastKnownFileType = sourcecode.c.h; name = MainMenu.h; path = HumorLine/MainMenu.h; sourceTree = "<group>"; };
		86967B27150DC282006BEE8B /* MainMenu.m */ = {isa = PBXFileReference; fileEncoding = 4; lastKnownFileType = sourcecode.c.objc; name = MainMenu.m; path = HumorLine/MainMenu.m; sourceTree = "<group>"; };
		86967B3E150DC798006BEE8B /* Constants.h */ = {isa = PBXFileReference; fileEncoding = 4; lastKnownFileType = sourcecode.c.h; path = Constants.h; sourceTree = "<group>"; };
		86967B3F150DCD49006BEE8B /* AddCommentView.h */ = {isa = PBXFileReference; fileEncoding = 4; lastKnownFileType = sourcecode.c.h; path = AddCommentView.h; sourceTree = "<group>"; };
		86967B40150DCD49006BEE8B /* AddCommentView.m */ = {isa = PBXFileReference; fileEncoding = 4; lastKnownFileType = sourcecode.c.objc; path = AddCommentView.m; sourceTree = "<group>"; };
		86967B41150DCD49006BEE8B /* AddCommentView.xib */ = {isa = PBXFileReference; fileEncoding = 4; lastKnownFileType = file.xib; path = AddCommentView.xib; sourceTree = "<group>"; };
		86967B4C150DF74B006BEE8B /* MobileCoreServices.framework */ = {isa = PBXFileReference; lastKnownFileType = wrapper.framework; name = MobileCoreServices.framework; path = System/Library/Frameworks/MobileCoreServices.framework; sourceTree = SDKROOT; };
		86B0835F1512F0BA0053E1FA /* ImageToDataTransformer.h */ = {isa = PBXFileReference; fileEncoding = 4; lastKnownFileType = sourcecode.c.h; name = ImageToDataTransformer.h; path = HumorLine/ImageToDataTransformer.h; sourceTree = "<group>"; };
		86B083601512F0BA0053E1FA /* ImageToDataTransformer.m */ = {isa = PBXFileReference; fileEncoding = 4; lastKnownFileType = sourcecode.c.objc; name = ImageToDataTransformer.m; path = HumorLine/ImageToDataTransformer.m; sourceTree = "<group>"; };
		86B083761512F8A40053E1FA /* blackArrow.png */ = {isa = PBXFileReference; lastKnownFileType = image.png; path = blackArrow.png; sourceTree = "<group>"; };
		86B083771512F8A40053E1FA /* blackArrow@2x.png */ = {isa = PBXFileReference; lastKnownFileType = image.png; path = "blackArrow@2x.png"; sourceTree = "<group>"; };
		86B083781512F8A40053E1FA /* blueArrow.png */ = {isa = PBXFileReference; lastKnownFileType = image.png; path = blueArrow.png; sourceTree = "<group>"; };
		86B083791512F8A40053E1FA /* blueArrow@2x.png */ = {isa = PBXFileReference; lastKnownFileType = image.png; path = "blueArrow@2x.png"; sourceTree = "<group>"; };
		86B0837A1512F8A40053E1FA /* grayArrow.png */ = {isa = PBXFileReference; lastKnownFileType = image.png; path = grayArrow.png; sourceTree = "<group>"; };
		86B0837B1512F8A40053E1FA /* grayArrow@2x.png */ = {isa = PBXFileReference; lastKnownFileType = image.png; path = "grayArrow@2x.png"; sourceTree = "<group>"; };
		86B0837C1512F8A40053E1FA /* whiteArrow.png */ = {isa = PBXFileReference; lastKnownFileType = image.png; path = whiteArrow.png; sourceTree = "<group>"; };
		86B0837D1512F8A40053E1FA /* whiteArrow@2x.png */ = {isa = PBXFileReference; lastKnownFileType = image.png; path = "whiteArrow@2x.png"; sourceTree = "<group>"; };
		86B083861512F8C60053E1FA /* QuartzCore.framework */ = {isa = PBXFileReference; lastKnownFileType = wrapper.framework; name = QuartzCore.framework; path = System/Library/Frameworks/QuartzCore.framework; sourceTree = SDKROOT; };
		86B08388151302B20053E1FA /* CoreLocation.framework */ = {isa = PBXFileReference; lastKnownFileType = wrapper.framework; name = CoreLocation.framework; path = System/Library/Frameworks/CoreLocation.framework; sourceTree = SDKROOT; };
		86B0838A15134BFA0053E1FA /* AddVideoView.h */ = {isa = PBXFileReference; fileEncoding = 4; lastKnownFileType = sourcecode.c.h; path = AddVideoView.h; sourceTree = "<group>"; };
		86B0838B15134BFB0053E1FA /* AddVideoView.m */ = {isa = PBXFileReference; fileEncoding = 4; lastKnownFileType = sourcecode.c.objc; path = AddVideoView.m; sourceTree = "<group>"; };
		86B0838C15134BFB0053E1FA /* AddVideoView.xib */ = {isa = PBXFileReference; fileEncoding = 4; lastKnownFileType = file.xib; path = AddVideoView.xib; sourceTree = "<group>"; };
		86B0838F15134C450053E1FA /* MediaPlayer.framework */ = {isa = PBXFileReference; lastKnownFileType = wrapper.framework; name = MediaPlayer.framework; path = System/Library/Frameworks/MediaPlayer.framework; sourceTree = SDKROOT; };
		86B08391151353630053E1FA /* AVFoundation.framework */ = {isa = PBXFileReference; lastKnownFileType = wrapper.framework; name = AVFoundation.framework; path = System/Library/Frameworks/AVFoundation.framework; sourceTree = SDKROOT; };
		86C0EAB215161BE00057C3C8 /* EGORefreshTableHeaderView.h */ = {isa = PBXFileReference; fileEncoding = 4; lastKnownFileType = sourcecode.c.h; name = EGORefreshTableHeaderView.h; path = HumorLine/EGORefreshTableHeaderView.h; sourceTree = "<group>"; };
		86C0EAB315161BE00057C3C8 /* EGORefreshTableHeaderView.m */ = {isa = PBXFileReference; fileEncoding = 4; lastKnownFileType = sourcecode.c.objc; name = EGORefreshTableHeaderView.m; path = HumorLine/EGORefreshTableHeaderView.m; sourceTree = "<group>"; };
		86C0EADC1516355A0057C3C8 /* Comment.h */ = {isa = PBXFileReference; fileEncoding = 4; lastKnownFileType = sourcecode.c.h; name = Comment.h; path = HumorLine/Comment.h; sourceTree = "<group>"; };
		86C0EADD1516355A0057C3C8 /* Comment.m */ = {isa = PBXFileReference; fileEncoding = 4; lastKnownFileType = sourcecode.c.objc; name = Comment.m; path = HumorLine/Comment.m; sourceTree = "<group>"; };
		86C0EADF1516355A0057C3C8 /* Image.h */ = {isa = PBXFileReference; fileEncoding = 4; lastKnownFileType = sourcecode.c.h; name = Image.h; path = HumorLine/Image.h; sourceTree = "<group>"; };
		86C0EAE01516355A0057C3C8 /* Image.m */ = {isa = PBXFileReference; fileEncoding = 4; lastKnownFileType = sourcecode.c.objc; name = Image.m; path = HumorLine/Image.m; sourceTree = "<group>"; };
		86C0EAE21516355B0057C3C8 /* Post.h */ = {isa = PBXFileReference; fileEncoding = 4; lastKnownFileType = sourcecode.c.h; name = Post.h; path = HumorLine/Post.h; sourceTree = "<group>"; };
		86C0EAE31516355B0057C3C8 /* Post.m */ = {isa = PBXFileReference; fileEncoding = 4; lastKnownFileType = sourcecode.c.objc; name = Post.m; path = HumorLine/Post.m; sourceTree = "<group>"; };
		86DE2367150DFBCA00156F38 /* AddPhotoView.h */ = {isa = PBXFileReference; fileEncoding = 4; lastKnownFileType = sourcecode.c.h; path = AddPhotoView.h; sourceTree = "<group>"; };
		86DE2368150DFBCA00156F38 /* AddPhotoView.m */ = {isa = PBXFileReference; fileEncoding = 4; lastKnownFileType = sourcecode.c.objc; path = AddPhotoView.m; sourceTree = "<group>"; };
		86DE2369150DFBCA00156F38 /* AddPhotoView.xib */ = {isa = PBXFileReference; fileEncoding = 4; lastKnownFileType = file.xib; path = AddPhotoView.xib; sourceTree = "<group>"; };
/* End PBXFileReference section */

/* Begin PBXFrameworksBuildPhase section */
		863D8F5E150CC1E2007E745D /* Frameworks */ = {
			isa = PBXFrameworksBuildPhase;
			buildActionMask = 2147483647;
			files = (
				86B08392151353630053E1FA /* AVFoundation.framework in Frameworks */,
				86B0839015134C450053E1FA /* MediaPlayer.framework in Frameworks */,
				86B08389151302B30053E1FA /* CoreLocation.framework in Frameworks */,
				86B083871512F8C60053E1FA /* QuartzCore.framework in Frameworks */,
				864FAA6D1511B76C001B307F /* CoreData.framework in Frameworks */,
				86967B4D150DF74B006BEE8B /* MobileCoreServices.framework in Frameworks */,
				863D8F66150CC1E3007E745D /* UIKit.framework in Frameworks */,
				863D8F68150CC1E3007E745D /* Foundation.framework in Frameworks */,
				863D8F6A150CC1E3007E745D /* CoreGraphics.framework in Frameworks */,
			);
			runOnlyForDeploymentPostprocessing = 0;
		};
/* End PBXFrameworksBuildPhase section */

/* Begin PBXGroup section */
		863D8F56150CC1E2007E745D = {
			isa = PBXGroup;
			children = (
				863D8F6C150CC1E3007E745D /* Supporting Files */,
				864E8171150E62D6008CF1AA /* Classes */,
				864E8172150E6309008CF1AA /* Models */,
				863D8F6B150CC1E3007E745D /* Controllers */,
				86967B29150DC293006BEE8B /* Views */,
				86967B2A150DC29F006BEE8B /* Resources */,
				8697EDAA150DB2CC00090679 /* Libs */,
				863D8F64150CC1E3007E745D /* Frameworks */,
				863D8F62150CC1E3007E745D /* Products */,
			);
			sourceTree = "<group>";
		};
		863D8F62150CC1E3007E745D /* Products */ = {
			isa = PBXGroup;
			children = (
				863D8F61150CC1E3007E745D /* HumorLine.app */,
			);
			name = Products;
			sourceTree = "<group>";
		};
		863D8F64150CC1E3007E745D /* Frameworks */ = {
			isa = PBXGroup;
			children = (
				86B08391151353630053E1FA /* AVFoundation.framework */,
				86B0838F15134C450053E1FA /* MediaPlayer.framework */,
				86B08388151302B20053E1FA /* CoreLocation.framework */,
				86B083861512F8C60053E1FA /* QuartzCore.framework */,
				864FAA6C1511B76B001B307F /* CoreData.framework */,
				86967B4C150DF74B006BEE8B /* MobileCoreServices.framework */,
				863D8F65150CC1E3007E745D /* UIKit.framework */,
				863D8F67150CC1E3007E745D /* Foundation.framework */,
				863D8F69150CC1E3007E745D /* CoreGraphics.framework */,
			);
			name = Frameworks;
			sourceTree = "<group>";
		};
		863D8F6B150CC1E3007E745D /* Controllers */ = {
			isa = PBXGroup;
			children = (
				863D8F8A150CC4E5007E745D /* MainView.h */,
				863D8F8B150CC4E5007E745D /* MainView.m */,
				86967B21150DBF85006BEE8B /* DetailView.h */,
				86967B22150DBF85006BEE8B /* DetailView.m */,
				86967B3F150DCD49006BEE8B /* AddCommentView.h */,
				86967B40150DCD49006BEE8B /* AddCommentView.m */,
				86DE2367150DFBCA00156F38 /* AddPhotoView.h */,
				86DE2368150DFBCA00156F38 /* AddPhotoView.m */,
				864304F4150F234500B44122 /* AddTrololoView.h */,
				864304F5150F234500B44122 /* AddTrololoView.m */,
				864304F9150F520900B44122 /* TrololoView.h */,
				864304FA150F520900B44122 /* TrololoView.m */,
				864305131510B75100B44122 /* AuthorizationView.h */,
				864305141510B75100B44122 /* AuthorizationView.m */,
				864305181510B83600B44122 /* SignupView.h */,
				864305191510B83600B44122 /* SignupView.m */,
				8643051A1510B83600B44122 /* SignupView.xib */,
				86B0838A15134BFA0053E1FA /* AddVideoView.h */,
				86B0838B15134BFB0053E1FA /* AddVideoView.m */,
			);
			name = Controllers;
			path = HumorLine;
			sourceTree = "<group>";
		};
		863D8F6C150CC1E3007E745D /* Supporting Files */ = {
			isa = PBXGroup;
			children = (
				863D8F6D150CC1E3007E745D /* HumorLine-Info.plist */,
				863D8F6E150CC1E3007E745D /* InfoPlist.strings */,
				863D8F71150CC1E3007E745D /* main.m */,
				863D8F73150CC1E3007E745D /* HumorLine-Prefix.pch */,
				86967B3E150DC798006BEE8B /* Constants.h */,
			);
			name = "Supporting Files";
			path = HumorLine;
			sourceTree = "<group>";
		};
		864304ED150F224600B44122 /* Icons */ = {
			isa = PBXGroup;
			children = (
				864304EE150F225900B44122 /* Default.png */,
				864304EF150F225900B44122 /* Icon.png */,
				864304F0150F225900B44122 /* Icon@2x.png */,
			);
			name = Icons;
			sourceTree = "<group>";
		};
		864304FE150F56F300B44122 /* Images */ = {
			isa = PBXGroup;
			children = (
				86B083751512F8830053E1FA /* EGOTableViewRefreshHeaderView */,
				864305111510955F00B44122 /* trollface-hello-kitty.png */,
				8643050115107AAC00B44122 /* 1.png */,
				8643050215107AAC00B44122 /* 2.png */,
				8643050315107AAC00B44122 /* 3.png */,
				8643050415107AAC00B44122 /* 4.png */,
				8643050515107AAC00B44122 /* buttonFace.png */,
				8643050615107AAC00B44122 /* buttonPhoto.png */,
				8643050715107AAC00B44122 /* buttonText.png */,
			);
			name = Images;
			sourceTree = "<group>";
		};
		864E8171150E62D6008CF1AA /* Classes */ = {
			isa = PBXGroup;
			children = (
				86967B26150DC282006BEE8B /* MainMenu.h */,
				86967B27150DC282006BEE8B /* MainMenu.m */,
				863D8F74150CC1E3007E745D /* AppDelegate.h */,
				863D8F75150CC1E3007E745D /* AppDelegate.m */,
				86B0835F1512F0BA0053E1FA /* ImageToDataTransformer.h */,
				86B083601512F0BA0053E1FA /* ImageToDataTransformer.m */,
			);
			name = Classes;
			sourceTree = "<group>";
		};
		864E8172150E6309008CF1AA /* Models */ = {
			isa = PBXGroup;
			children = (
				86C0EAE21516355B0057C3C8 /* Post.h */,
				86C0EAE31516355B0057C3C8 /* Post.m */,
				86C0EADF1516355A0057C3C8 /* Image.h */,
				86C0EAE01516355A0057C3C8 /* Image.m */,
				86C0EADC1516355A0057C3C8 /* Comment.h */,
				86C0EADD1516355A0057C3C8 /* Comment.m */,
			);
			name = Models;
			sourceTree = "<group>";
		};
		865FF410150DB53700ACDAAD /* MBProgressHud */ = {
			isa = PBXGroup;
			children = (
				86392A20150DBEBA00472D00 /* MBProgressHUD.h */,
				86392A21150DBEBA00472D00 /* MBProgressHUD.m */,
			);
			name = MBProgressHud;
			sourceTree = "<group>";
		};
		86967B29150DC293006BEE8B /* Views */ = {
			isa = PBXGroup;
			children = (
				863D8F8C150CC4E5007E745D /* MainView.xib */,
				86967B23150DBF85006BEE8B /* DetailView.xib */,
				86967B41150DCD49006BEE8B /* AddCommentView.xib */,
				86DE2369150DFBCA00156F38 /* AddPhotoView.xib */,
				86B0838C15134BFB0053E1FA /* AddVideoView.xib */,
				864304F6150F234500B44122 /* AddTrololoView.xib */,
				864304FB150F520900B44122 /* TrololoView.xib */,
				864305151510B75200B44122 /* AuthorizationView.xib */,
			);
			name = Views;
			path = HumorLine;
			sourceTree = "<group>";
		};
		86967B2A150DC29F006BEE8B /* Resources */ = {
			isa = PBXGroup;
			children = (
				864304FE150F56F300B44122 /* Images */,
				864304ED150F224600B44122 /* Icons */,
				864FAA6F1511BCC3001B307F /* Model.xcdatamodeld */,
			);
			name = Resources;
			path = HumorLine;
			sourceTree = "<group>";
		};
		8697EDAA150DB2CC00090679 /* Libs */ = {
			isa = PBXGroup;
			children = (
				86B083711512F8490053E1FA /* EGORefreshTableHeaderView */,
				865FF410150DB53700ACDAAD /* MBProgressHud */,
				8697EDAB150DB2DA00090679 /* SDWebImage */,
			);
			name = Libs;
			sourceTree = "<group>";
		};
		8697EDAB150DB2DA00090679 /* SDWebImage */ = {
			isa = PBXGroup;
			children = (
				864E8158150E624F008CF1AA /* SDImageCache.h */,
				864E8159150E624F008CF1AA /* SDImageCache.m */,
				864E815A150E624F008CF1AA /* SDImageCacheDelegate.h */,
				864E815B150E624F008CF1AA /* SDWebImageCompat.h */,
				864E815C150E624F008CF1AA /* SDWebImageDecoder.h */,
				864E815D150E624F008CF1AA /* SDWebImageDecoder.m */,
				864E815E150E624F008CF1AA /* SDWebImageDownloader.h */,
				864E815F150E624F008CF1AA /* SDWebImageDownloader.m */,
				864E8160150E624F008CF1AA /* SDWebImageDownloaderDelegate.h */,
				864E8161150E624F008CF1AA /* SDWebImageManager.h */,
				864E8162150E624F008CF1AA /* SDWebImageManager.m */,
				864E8163150E624F008CF1AA /* SDWebImageManagerDelegate.h */,
				864E8164150E624F008CF1AA /* SDWebImagePrefetcher.h */,
				864E8165150E624F008CF1AA /* SDWebImagePrefetcher.m */,
				864E8166150E624F008CF1AA /* UIButton+WebCache.h */,
				864E8167150E624F008CF1AA /* UIButton+WebCache.m */,
				864E8168150E624F008CF1AA /* UIImageView+WebCache.h */,
				864E8169150E624F008CF1AA /* UIImageView+WebCache.m */,
			);
			name = SDWebImage;
			sourceTree = "<group>";
		};
		86B083711512F8490053E1FA /* EGORefreshTableHeaderView */ = {
			isa = PBXGroup;
			children = (
				86C0EAB215161BE00057C3C8 /* EGORefreshTableHeaderView.h */,
				86C0EAB315161BE00057C3C8 /* EGORefreshTableHeaderView.m */,
			);
			name = EGORefreshTableHeaderView;
			sourceTree = "<group>";
		};
		86B083751512F8830053E1FA /* EGOTableViewRefreshHeaderView */ = {
			isa = PBXGroup;
			children = (
				86B083761512F8A40053E1FA /* blackArrow.png */,
				86B083771512F8A40053E1FA /* blackArrow@2x.png */,
				86B083781512F8A40053E1FA /* blueArrow.png */,
				86B083791512F8A40053E1FA /* blueArrow@2x.png */,
				86B0837A1512F8A40053E1FA /* grayArrow.png */,
				86B0837B1512F8A40053E1FA /* grayArrow@2x.png */,
				86B0837C1512F8A40053E1FA /* whiteArrow.png */,
				86B0837D1512F8A40053E1FA /* whiteArrow@2x.png */,
			);
			name = EGOTableViewRefreshHeaderView;
			sourceTree = "<group>";
		};
/* End PBXGroup section */

/* Begin PBXNativeTarget section */
		863D8F60150CC1E2007E745D /* HumorLine */ = {
			isa = PBXNativeTarget;
			buildConfigurationList = 863D8F82150CC1E3007E745D /* Build configuration list for PBXNativeTarget "HumorLine" */;
			buildPhases = (
				863D8F5D150CC1E2007E745D /* Sources */,
				863D8F5E150CC1E2007E745D /* Frameworks */,
				863D8F5F150CC1E2007E745D /* Resources */,
			);
			buildRules = (
			);
			dependencies = (
			);
			name = HumorLine;
			productName = HumorLine;
			productReference = 863D8F61150CC1E3007E745D /* HumorLine.app */;
			productType = "com.apple.product-type.application";
		};
/* End PBXNativeTarget section */

/* Begin PBXProject section */
		863D8F58150CC1E2007E745D /* Project object */ = {
			isa = PBXProject;
			attributes = {
				LastUpgradeCheck = 0420;
			};
			buildConfigurationList = 863D8F5B150CC1E2007E745D /* Build configuration list for PBXProject "HumorLine" */;
			compatibilityVersion = "Xcode 3.2";
			developmentRegion = English;
			hasScannedForEncodings = 0;
			knownRegions = (
				en,
			);
			mainGroup = 863D8F56150CC1E2007E745D;
			productRefGroup = 863D8F62150CC1E3007E745D /* Products */;
			projectDirPath = "";
			projectRoot = "";
			targets = (
				863D8F60150CC1E2007E745D /* HumorLine */,
			);
		};
/* End PBXProject section */

/* Begin PBXResourcesBuildPhase section */
		863D8F5F150CC1E2007E745D /* Resources */ = {
			isa = PBXResourcesBuildPhase;
			buildActionMask = 2147483647;
			files = (
				863D8F70150CC1E3007E745D /* InfoPlist.strings in Resources */,
				863D8F8E150CC4E5007E745D /* MainView.xib in Resources */,
				86967B25150DBF85006BEE8B /* DetailView.xib in Resources */,
				86967B43150DCD49006BEE8B /* AddCommentView.xib in Resources */,
				86DE236B150DFBCA00156F38 /* AddPhotoView.xib in Resources */,
				864304F1150F225900B44122 /* Default.png in Resources */,
				864304F2150F225900B44122 /* Icon.png in Resources */,
				864304F3150F225900B44122 /* Icon@2x.png in Resources */,
				864304F8150F234500B44122 /* AddTrololoView.xib in Resources */,
				864304FD150F520900B44122 /* TrololoView.xib in Resources */,
				8643050815107AAC00B44122 /* 1.png in Resources */,
				8643050915107AAC00B44122 /* 2.png in Resources */,
				8643050A15107AAC00B44122 /* 3.png in Resources */,
				8643050B15107AAC00B44122 /* 4.png in Resources */,
				8643050C15107AAC00B44122 /* buttonFace.png in Resources */,
				8643050D15107AAC00B44122 /* buttonPhoto.png in Resources */,
				8643050E15107AAC00B44122 /* buttonText.png in Resources */,
				864305121510955F00B44122 /* trollface-hello-kitty.png in Resources */,
				864305171510B75200B44122 /* AuthorizationView.xib in Resources */,
				8643051C1510B83700B44122 /* SignupView.xib in Resources */,
				86B0837E1512F8A40053E1FA /* blackArrow.png in Resources */,
				86B0837F1512F8A40053E1FA /* blackArrow@2x.png in Resources */,
				86B083801512F8A40053E1FA /* blueArrow.png in Resources */,
				86B083811512F8A40053E1FA /* blueArrow@2x.png in Resources */,
				86B083821512F8A40053E1FA /* grayArrow.png in Resources */,
				86B083831512F8A40053E1FA /* grayArrow@2x.png in Resources */,
				86B083841512F8A40053E1FA /* whiteArrow.png in Resources */,
				86B083851512F8A40053E1FA /* whiteArrow@2x.png in Resources */,
				86B0838E15134BFB0053E1FA /* AddVideoView.xib in Resources */,
			);
			runOnlyForDeploymentPostprocessing = 0;
		};
/* End PBXResourcesBuildPhase section */

/* Begin PBXSourcesBuildPhase section */
		863D8F5D150CC1E2007E745D /* Sources */ = {
			isa = PBXSourcesBuildPhase;
			buildActionMask = 2147483647;
			files = (
				863D8F72150CC1E3007E745D /* main.m in Sources */,
				863D8F76150CC1E3007E745D /* AppDelegate.m in Sources */,
				863D8F8D150CC4E5007E745D /* MainView.m in Sources */,
				86392A22150DBEBA00472D00 /* MBProgressHUD.m in Sources */,
				86967B24150DBF85006BEE8B /* DetailView.m in Sources */,
				86967B28150DC282006BEE8B /* MainMenu.m in Sources */,
				86967B42150DCD49006BEE8B /* AddCommentView.m in Sources */,
				86DE236A150DFBCA00156F38 /* AddPhotoView.m in Sources */,
				864E816A150E624F008CF1AA /* SDImageCache.m in Sources */,
				864E816B150E624F008CF1AA /* SDWebImageDecoder.m in Sources */,
				864E816C150E624F008CF1AA /* SDWebImageDownloader.m in Sources */,
				864E816D150E624F008CF1AA /* SDWebImageManager.m in Sources */,
				864E816E150E624F008CF1AA /* SDWebImagePrefetcher.m in Sources */,
				864E816F150E624F008CF1AA /* UIButton+WebCache.m in Sources */,
				864E8170150E624F008CF1AA /* UIImageView+WebCache.m in Sources */,
				864304F7150F234500B44122 /* AddTrololoView.m in Sources */,
				864304FC150F520900B44122 /* TrololoView.m in Sources */,
				864305161510B75200B44122 /* AuthorizationView.m in Sources */,
				8643051B1510B83700B44122 /* SignupView.m in Sources */,
				864FAA711511BCC3001B307F /* Model.xcdatamodeld in Sources */,
				86B083611512F0BA0053E1FA /* ImageToDataTransformer.m in Sources */,
				86B0838D15134BFB0053E1FA /* AddVideoView.m in Sources */,
				86C0EAB415161BE00057C3C8 /* EGORefreshTableHeaderView.m in Sources */,
				86C0EADE1516355A0057C3C8 /* Comment.m in Sources */,
				86C0EAE11516355A0057C3C8 /* Image.m in Sources */,
				86C0EAE41516355B0057C3C8 /* Post.m in Sources */,
			);
			runOnlyForDeploymentPostprocessing = 0;
		};
/* End PBXSourcesBuildPhase section */

/* Begin PBXVariantGroup section */
		863D8F6E150CC1E3007E745D /* InfoPlist.strings */ = {
			isa = PBXVariantGroup;
			children = (
				863D8F6F150CC1E3007E745D /* en */,
			);
			name = InfoPlist.strings;
			sourceTree = "<group>";
		};
/* End PBXVariantGroup section */

/* Begin XCBuildConfiguration section */
		863D8F80150CC1E3007E745D /* Debug */ = {
			isa = XCBuildConfiguration;
			buildSettings = {
				ALWAYS_SEARCH_USER_PATHS = NO;
				ARCHS = "$(ARCHS_STANDARD_32_BIT)";
				CLANG_ENABLE_OBJC_ARC = YES;
				"CODE_SIGN_IDENTITY[sdk=iphoneos*]" = "iPhone Developer";
				COPY_PHASE_STRIP = NO;
				GCC_C_LANGUAGE_STANDARD = gnu99;
				GCC_DYNAMIC_NO_PIC = NO;
				GCC_OPTIMIZATION_LEVEL = 0;
				GCC_PREPROCESSOR_DEFINITIONS = (
					"DEBUG=1",
					"$(inherited)",
				);
				GCC_SYMBOLS_PRIVATE_EXTERN = NO;
				GCC_VERSION = com.apple.compilers.llvm.clang.1_0;
				GCC_WARN_ABOUT_MISSING_PROTOTYPES = YES;
				GCC_WARN_ABOUT_RETURN_TYPE = YES;
				GCC_WARN_UNUSED_VARIABLE = YES;
				IPHONEOS_DEPLOYMENT_TARGET = 4.0;
				OTHER_LDFLAGS = "-ObjC";
				SDKROOT = iphoneos;
				TARGETED_DEVICE_FAMILY = "1,2";
				USER_HEADER_SEARCH_PATHS = "$(BUILT_PRODUCTS_DIR)/**";
			};
			name = Debug;
		};
		863D8F81150CC1E3007E745D /* Release */ = {
			isa = XCBuildConfiguration;
			buildSettings = {
				ALWAYS_SEARCH_USER_PATHS = NO;
				ARCHS = "$(ARCHS_STANDARD_32_BIT)";
				CLANG_ENABLE_OBJC_ARC = YES;
				"CODE_SIGN_IDENTITY[sdk=iphoneos*]" = "iPhone Developer";
				COPY_PHASE_STRIP = YES;
				GCC_C_LANGUAGE_STANDARD = gnu99;
				GCC_VERSION = com.apple.compilers.llvm.clang.1_0;
				GCC_WARN_ABOUT_MISSING_PROTOTYPES = YES;
				GCC_WARN_ABOUT_RETURN_TYPE = YES;
				GCC_WARN_UNUSED_VARIABLE = YES;
				IPHONEOS_DEPLOYMENT_TARGET = 4.0;
				OTHER_CFLAGS = "-DNS_BLOCK_ASSERTIONS=1";
				OTHER_LDFLAGS = "-ObjC";
				SDKROOT = iphoneos;
				TARGETED_DEVICE_FAMILY = "1,2";
				USER_HEADER_SEARCH_PATHS = "$(BUILT_PRODUCTS_DIR)/**";
				VALIDATE_PRODUCT = YES;
			};
			name = Release;
		};
		863D8F83150CC1E3007E745D /* Debug */ = {
			isa = XCBuildConfiguration;
			buildSettings = {
				GCC_PRECOMPILE_PREFIX_HEADER = YES;
				GCC_PREFIX_HEADER = "HumorLine/HumorLine-Prefix.pch";
				INFOPLIST_FILE = "HumorLine/HumorLine-Info.plist";
				IPHONEOS_DEPLOYMENT_TARGET = 4.0;
				LIBRARY_SEARCH_PATHS = (
					"$(inherited)",
					"\"$(SRCROOT)/../../../Library/Developer/Xcode/DerivedData/HumorLine-etgqbqkzghxribccesnxyftlbvyf/Build/Products/Debug-iphoneos\"",
				);
				PRODUCT_NAME = "$(TARGET_NAME)";
				TARGETED_DEVICE_FAMILY = "1,2";
				WRAPPER_EXTENSION = app;
			};
			name = Debug;
		};
		863D8F84150CC1E3007E745D /* Release */ = {
			isa = XCBuildConfiguration;
			buildSettings = {
				GCC_PRECOMPILE_PREFIX_HEADER = YES;
				GCC_PREFIX_HEADER = "HumorLine/HumorLine-Prefix.pch";
				INFOPLIST_FILE = "HumorLine/HumorLine-Info.plist";
				IPHONEOS_DEPLOYMENT_TARGET = 4.0;
				LIBRARY_SEARCH_PATHS = (
					"$(inherited)",
					"\"$(SRCROOT)/../../../Library/Developer/Xcode/DerivedData/HumorLine-etgqbqkzghxribccesnxyftlbvyf/Build/Products/Debug-iphoneos\"",
				);
				PRODUCT_NAME = "$(TARGET_NAME)";
				TARGETED_DEVICE_FAMILY = "1,2";
				WRAPPER_EXTENSION = app;
			};
			name = Release;
		};
		8643051D1510BC9400B44122 /* Adhoc */ = {
			isa = XCBuildConfiguration;
			buildSettings = {
				ALWAYS_SEARCH_USER_PATHS = NO;
				ARCHS = "$(ARCHS_STANDARD_32_BIT)";
				CLANG_ENABLE_OBJC_ARC = YES;
				"CODE_SIGN_IDENTITY[sdk=iphoneos*]" = "iPhone Developer";
				COPY_PHASE_STRIP = YES;
				GCC_C_LANGUAGE_STANDARD = gnu99;
				GCC_VERSION = com.apple.compilers.llvm.clang.1_0;
				GCC_WARN_ABOUT_MISSING_PROTOTYPES = YES;
				GCC_WARN_ABOUT_RETURN_TYPE = YES;
				GCC_WARN_UNUSED_VARIABLE = YES;
				IPHONEOS_DEPLOYMENT_TARGET = 4.0;
				OTHER_CFLAGS = "-DNS_BLOCK_ASSERTIONS=1";
				OTHER_LDFLAGS = "-ObjC";
				SDKROOT = iphoneos;
				TARGETED_DEVICE_FAMILY = "1,2";
				USER_HEADER_SEARCH_PATHS = "$(BUILT_PRODUCTS_DIR)/**";
				VALIDATE_PRODUCT = YES;
			};
			name = Adhoc;
		};
		8643051E1510BC9400B44122 /* Adhoc */ = {
			isa = XCBuildConfiguration;
			buildSettings = {
				"CODE_SIGN_IDENTITY[sdk=iphoneos*]" = "iPhone Distribution: Creative LLC";
				GCC_PRECOMPILE_PREFIX_HEADER = YES;
				GCC_PREFIX_HEADER = "HumorLine/HumorLine-Prefix.pch";
				INFOPLIST_FILE = "HumorLine/HumorLine-Info.plist";
				IPHONEOS_DEPLOYMENT_TARGET = 4.0;
				LIBRARY_SEARCH_PATHS = (
					"$(inherited)",
					"\"$(SRCROOT)/../../../Library/Developer/Xcode/DerivedData/HumorLine-etgqbqkzghxribccesnxyftlbvyf/Build/Products/Debug-iphoneos\"",
				);
				PRODUCT_NAME = "$(TARGET_NAME)";
				"PROVISIONING_PROFILE[sdk=iphoneos*]" = "59FC1D64-3777-4A25-86B5-F1CA08805D0C";
				TARGETED_DEVICE_FAMILY = "1,2";
				WRAPPER_EXTENSION = app;
			};
			name = Adhoc;
		};
/* End XCBuildConfiguration section */

/* Begin XCConfigurationList section */
		863D8F5B150CC1E2007E745D /* Build configuration list for PBXProject "HumorLine" */ = {
			isa = XCConfigurationList;
			buildConfigurations = (
				863D8F80150CC1E3007E745D /* Debug */,
				863D8F81150CC1E3007E745D /* Release */,
				8643051D1510BC9400B44122 /* Adhoc */,
			);
			defaultConfigurationIsVisible = 0;
			defaultConfigurationName = Release;
		};
		863D8F82150CC1E3007E745D /* Build configuration list for PBXNativeTarget "HumorLine" */ = {
			isa = XCConfigurationList;
			buildConfigurations = (
				863D8F83150CC1E3007E745D /* Debug */,
				863D8F84150CC1E3007E745D /* Release */,
				8643051E1510BC9400B44122 /* Adhoc */,
			);
			defaultConfigurationIsVisible = 0;
			defaultConfigurationName = Release;
		};
/* End XCConfigurationList section */

/* Begin XCVersionGroup section */
		864FAA6F1511BCC3001B307F /* Model.xcdatamodeld */ = {
			isa = XCVersionGroup;
			children = (
				864FAA701511BCC3001B307F /* Model.xcdatamodel */,
			);
			currentVersion = 864FAA701511BCC3001B307F /* Model.xcdatamodel */;
			path = Model.xcdatamodeld;
			sourceTree = "<group>";
			versionGroupType = wrapper.xcdatamodel;
		};
/* End XCVersionGroup section */
	};
	rootObject = 863D8F58150CC1E2007E745D /* Project object */;
}
